# THIS IS AN AUTOGENERATED FILE. DO NOT EDIT THIS FILE DIRECTLY.
# yarn lockfile v1


"@nop-app/vue-nop@^2.1.1":
  version "2.1.1"
  resolved "https://registry.yarnpkg.com/@nop-app/vue-nop/-/vue-nop-2.1.1.tgz#91354b46024e34ad492538754be50116c58b53d6"
  integrity sha512-OkuVsAkltzTdQKt5BxWX6WOmUas6xBcHyNKSeonn8X1iv2/ZIW/3Ai6HlNATbQI7+DrflObCg3X0x22dNTXkJQ==
