# THIS IS AN AUTOGENERATED FILE. DO NOT EDIT THIS FILE DIRECTLY.
# yarn lockfile v1


"@nop-app/vue-nop@^2.1.1":
  version "2.1.2"
  resolved "https://registry.yarnpkg.com/@nop-app/vue-nop/-/vue-nop-2.1.2.tgz#fc2b36dd1b9e4a1fe9385345e9f8f2c72f43658b"
  integrity sha512-lNRpUnFtok2Ig5h+0uss0XexYwntqrI42zWQu7RjlbGZymwZ06PkkUPdQCPrN7csuoKDyXlWLEgtJLKerfJBbQ==
